
Microsoft Visual Studio Solution File, Format Version 12.00
# Visual Studio Version 17
VisualStudioVersion = 17.3.32825.248
MinimumVisualStudioVersion = 10.0.40219.1
Project("{FAE04EC0-301F-11D3-BF4B-00C04F79EFBC}") = "Week15OOPAndFiles", "Week15OOPAndFiles\Week15OOPAndFiles.csproj", "{E87121C5-89F2-4110-BD6A-8E00E4878C11}"
EndProject
Project("{FAE04EC0-301F-11D3-BF4B-00C04F79EFBC}") = "FrozenSecretSanta", "FrozenSecretSanta\FrozenSecretSanta.csproj", "{2A761C33-FCDF-44C9-B1ED-C89A8485114E}"
EndProject
Global
	GlobalSection(SolutionConfigurationPlatforms) = preSolution
		Debug|Any CPU = Debug|Any CPU
		Release|Any CPU = Release|Any CPU
	EndGlobalSection
	GlobalSection(ProjectConfigurationPlatforms) = postSolution
		{E87121C5-89F2-4110-BD6A-8E00E4878C11}.Debug|Any CPU.ActiveCfg = Debug|Any CPU
		{E87121C5-89F2-4110-BD6A-8E00E4878C11}.Debug|Any CPU.Build.0 = Debug|Any CPU
		{E87121C5-89F2-4110-BD6A-8E00E4878C11}.Release|Any CPU.ActiveCfg = Release|Any CPU
		{E87121C5-89F2-4110-BD6A-8E00E4878C11}.Release|Any CPU.Build.0 = Release|Any CPU
		{2A761C33-FCDF-44C9-B1ED-C89A8485114E}.Debug|Any CPU.ActiveCfg = Debug|Any CPU
		{2A761C33-FCDF-44C9-B1ED-C89A8485114E}.Debug|Any CPU.Build.0 = Debug|Any CPU
		{2A761C33-FCDF-44C9-B1ED-C89A8485114E}.Release|Any CPU.ActiveCfg = Release|Any CPU
		{2A761C33-FCDF-44C9-B1ED-C89A8485114E}.Release|Any CPU.Build.0 = Release|Any CPU
	EndGlobalSection
	GlobalSection(SolutionProperties) = preSolution
		HideSolutionNode = FALSE
	EndGlobalSection
	GlobalSection(ExtensibilityGlobals) = postSolution
		SolutionGuid = {286D6DAC-1951-4ABB-ABE9-5AE288434261}
	EndGlobalSection
EndGlobal
